
Microsoft Visual Studio Solution File, Format Version 12.00
# Visual Studio Version 17
VisualStudioVersion = 17.1.32407.343
MinimumVisualStudioVersion = 10.0.40219.1
Project("{FAE04EC0-301F-11D3-BF4B-00C04F79EFBC}") = "NZWalks.API", "NZWalks.API\NZWalks.API.csproj", "{B85F3078-E2A3-440C-962C-323F275D905D}"
EndProject
Global
	GlobalSection(SolutionConfigurationPlatforms) = preSolution
		Debug|Any CPU = Debug|Any CPU
		Release|Any CPU = Release|Any CPU
	EndGlobalSection
	GlobalSection(ProjectConfigurationPlatforms) = postSolution
		{B85F3078-E2A3-440C-962C-323F275D905D}.Debug|Any CPU.ActiveCfg = Debug|Any CPU
		{B85F3078-E2A3-440C-962C-323F275D905D}.Debug|Any CPU.Build.0 = Debug|Any CPU
		{B85F3078-E2A3-440C-962C-323F275D905D}.Release|Any CPU.ActiveCfg = Release|Any CPU
		{B85F3078-E2A3-440C-962C-323F275D905D}.Release|Any CPU.Build.0 = Release|Any CPU
	EndGlobalSection
	GlobalSection(SolutionProperties) = preSolution
		HideSolutionNode = FALSE
	EndGlobalSection
	GlobalSection(ExtensibilityGlobals) = postSolution
		SolutionGuid = {1C088F37-90AB-43CE-B41F-C2A571581AB1}
	EndGlobalSection
EndGlobal
